
Microsoft Visual Studio Solution File, Format Version 12.00
# Visual Studio 15
VisualStudioVersion = 15.0.27703.2047
MinimumVisualStudioVersion = 10.0.40219.1
Project("{9A19103F-16F7-4668-BE54-9A1E7A4F7556}") = "Model", "Model\Model.csproj", "{428A741C-16E8-48F2-A634-40DFDA544C6D}"
EndProject
Project("{FAE04EC0-301F-11D3-BF4B-00C04F79EFBC}") = "WindowsFormsApp", "WindowsFormsApp1\WindowsFormsApp.csproj", "{C7AB5C53-8C1D-4A7C-8D28-705131BCDEB0}"
EndProject
Project("{FAE04EC0-301F-11D3-BF4B-00C04F79EFBC}") = "Controller", "Controller\Controller.csproj", "{6E395984-4052-49D7-B2F8-B0BFD2D4B9D2}"
EndProject
Project("{FAE04EC0-301F-11D3-BF4B-00C04F79EFBC}") = "View", "View\View.csproj", "{BB5CA4EB-9C7C-4870-91F3-BECF15F2799C}"
EndProject
Global
	GlobalSection(SolutionConfigurationPlatforms) = preSolution
		Debug|Any CPU = Debug|Any CPU
		Release|Any CPU = Release|Any CPU
	EndGlobalSection
	GlobalSection(ProjectConfigurationPlatforms) = postSolution
		{428A741C-16E8-48F2-A634-40DFDA544C6D}.Debug|Any CPU.ActiveCfg = Debug|Any CPU
		{428A741C-16E8-48F2-A634-40DFDA544C6D}.Debug|Any CPU.Build.0 = Debug|Any CPU
		{428A741C-16E8-48F2-A634-40DFDA544C6D}.Release|Any CPU.ActiveCfg = Release|Any CPU
		{428A741C-16E8-48F2-A634-40DFDA544C6D}.Release|Any CPU.Build.0 = Release|Any CPU
		{C7AB5C53-8C1D-4A7C-8D28-705131BCDEB0}.Debug|Any CPU.ActiveCfg = Debug|Any CPU
		{C7AB5C53-8C1D-4A7C-8D28-705131BCDEB0}.Debug|Any CPU.Build.0 = Debug|Any CPU
		{C7AB5C53-8C1D-4A7C-8D28-705131BCDEB0}.Release|Any CPU.ActiveCfg = Release|Any CPU
		{C7AB5C53-8C1D-4A7C-8D28-705131BCDEB0}.Release|Any CPU.Build.0 = Release|Any CPU
		{6E395984-4052-49D7-B2F8-B0BFD2D4B9D2}.Debug|Any CPU.ActiveCfg = Debug|Any CPU
		{6E395984-4052-49D7-B2F8-B0BFD2D4B9D2}.Debug|Any CPU.Build.0 = Debug|Any CPU
		{6E395984-4052-49D7-B2F8-B0BFD2D4B9D2}.Release|Any CPU.ActiveCfg = Release|Any CPU
		{6E395984-4052-49D7-B2F8-B0BFD2D4B9D2}.Release|Any CPU.Build.0 = Release|Any CPU
		{BB5CA4EB-9C7C-4870-91F3-BECF15F2799C}.Debug|Any CPU.ActiveCfg = Debug|Any CPU
		{BB5CA4EB-9C7C-4870-91F3-BECF15F2799C}.Debug|Any CPU.Build.0 = Debug|Any CPU
		{BB5CA4EB-9C7C-4870-91F3-BECF15F2799C}.Release|Any CPU.ActiveCfg = Release|Any CPU
		{BB5CA4EB-9C7C-4870-91F3-BECF15F2799C}.Release|Any CPU.Build.0 = Release|Any CPU
	EndGlobalSection
	GlobalSection(SolutionProperties) = preSolution
		HideSolutionNode = FALSE
	EndGlobalSection
	GlobalSection(ExtensibilityGlobals) = postSolution
		SolutionGuid = {0B667AD0-4344-44CF-BB7D-D3252203B302}
	EndGlobalSection
EndGlobal
